
Microsoft Visual Studio Solution File, Format Version 12.00
# Visual Studio Version 17
VisualStudioVersion = 17.0.31919.166
MinimumVisualStudioVersion = 10.0.40219.1
Project("{2150E333-8FDC-42A3-9474-1A3956D46DE8}") = "Libraries", "Libraries", "{F2E35B3E-9711-EDEC-6202-DB40BDEED14A}"
EndProject
Project("{2150E333-8FDC-42A3-9474-1A3956D46DE8}") = "Plugins", "Plugins", "{07D57EEB-2F50-60C4-C011-FE4FA775C9A8}"
EndProject
Project("{FAE04EC0-301F-11D3-BF4B-00C04F79EFBC}") = "InternalVisualization", "Plugins\InternalVisualization\InternalVisualization.csproj", "{B3D9FE49-78B3-4449-BF33-0F66FCC59CA1}"
EndProject
Project("{9A19103F-16F7-4668-BE54-9A1E7A4F7556}") = "ETS2LA.Shared", "ETS2LA\ETS2LA.Shared\ETS2LA.Shared.csproj", "{00000000-0000-0000-0000-000000000002}"
EndProject
Project("{9A19103F-16F7-4668-BE54-9A1E7A4F7556}") = "ETS2LA.Settings", "ETS2LA\ETS2LA.Settings\ETS2LA.Settings.csproj", "{00000000-0000-0000-0000-000000000003}"
EndProject
Project("{9A19103F-16F7-4668-BE54-9A1E7A4F7556}") = "ETS2LA.Logging", "ETS2LA\ETS2LA.Logging\ETS2LA.Logging.csproj", "{00000000-0000-0000-0000-000000000004}"
EndProject
Project("{9A19103F-16F7-4668-BE54-9A1E7A4F7556}") = "ETS2LA.UI", "ETS2LA\ETS2LA.UI\ETS2LA.UI.csproj", "{00000000-0000-0000-0000-000000000005}"
EndProject
Project("{9A19103F-16F7-4668-BE54-9A1E7A4F7556}") = "ETS2LA.Game", "ETS2LA\ETS2LA.Game\ETS2LA.Game.csproj", "{00000000-0000-0000-0000-000000000006}"
EndProject
Project("{9A19103F-16F7-4668-BE54-9A1E7A4F7556}") = "ETS2LA.Backend", "ETS2LA\ETS2LA.Backend\ETS2LA.Backend.csproj", "{00000000-0000-0000-0000-000000000007}"
EndProject
Project("{9A19103F-16F7-4668-BE54-9A1E7A4F7556}") = "ETS2LA.Audio", "ETS2LA\ETS2LA.Audio\ETS2LA.Audio.csproj", "{00000000-0000-0000-0000-000000000008}"
EndProject
Project("{9A19103F-16F7-4668-BE54-9A1E7A4F7556}") = "ETS2LA.Controls", "ETS2LA\ETS2LA.Controls\ETS2LA.Controls.csproj", "{00000000-0000-0000-0000-000000000009}"
EndProject
Project("{9A19103F-16F7-4668-BE54-9A1E7A4F7556}") = "TruckLib", "ETS2LA\TruckLib\TruckLib\TruckLib.csproj", "{00000000-0000-0000-0000-000000000010}"
EndProject
Project("{9A19103F-16F7-4668-BE54-9A1E7A4F7556}") = "ETS2LA.Translations", "ETS2LA\ETS2LA.Translations\ETS2LA.Translations.csproj", "{00000000-0000-0000-0000-000000000011}"
EndProject
Project("{9A19103F-16F7-4668-BE54-9A1E7A4F7556}") = "ETS2LA", "ETS2LA\ETS2LA\ETS2LA.csproj", "{00000000-0000-0000-0000-000000000012}"
EndProject
Project("{9A19103F-16F7-4668-BE54-9A1E7A4F7556}") = "ETS2LA.Overlay", "ETS2LA\ETS2LA.Overlay\ETS2LA.Overlay.csproj", "{77A16AAB-4F0E-302D-5A11-E358F32E8B6F}"
EndProject
Project("{9A19103F-16F7-4668-BE54-9A1E7A4F7556}") = "ETS2LA.State", "ETS2LA\ETS2LA.State\ETS2LA.State.csproj", "{E8124787-A060-506D-A6CF-C9D230125BB0}"
EndProject
Project("{9A19103F-16F7-4668-BE54-9A1E7A4F7556}") = "ETS2LA.Telemetry", "ETS2LA\ETS2LA.Telemetry\ETS2LA.Telemetry.csproj", "{66825C44-CD1D-E46E-302D-D92AF71B6816}"
EndProject
Project("{9A19103F-16F7-4668-BE54-9A1E7A4F7556}") = "ETS2LA.Notifications", "ETS2LA\ETS2LA.Notifications\ETS2LA.Notifications.csproj", "{60EA0C75-493A-0A41-A81B-E338A01B0FEA}"
EndProject
Project("{9A19103F-16F7-4668-BE54-9A1E7A4F7556}") = "ETS2LA.ML", "ETS2LA\ETS2LA.ML\ETS2LA.ML.csproj", "{D67303AE-78FE-2A0B-589B-768DBE08DD90}"
EndProject
Project("{FAE04EC0-301F-11D3-BF4B-00C04F79EFBC}") = "EndToEnd", "Plugins\EndToEnd\EndToEnd.csproj", "{FD2E85B7-1B07-46F6-80A5-0456FC625360}"
EndProject
Global
	GlobalSection(SolutionConfigurationPlatforms) = preSolution
		Debug|Any CPU = Debug|Any CPU
		Debug|x64 = Debug|x64
		Debug|x86 = Debug|x86
		Release|Any CPU = Release|Any CPU
		Release|x64 = Release|x64
		Release|x86 = Release|x86
	EndGlobalSection
	GlobalSection(ProjectConfigurationPlatforms) = postSolution
		{B3D9FE49-78B3-4449-BF33-0F66FCC59CA1}.Debug|Any CPU.ActiveCfg = Debug|Any CPU
		{B3D9FE49-78B3-4449-BF33-0F66FCC59CA1}.Debug|Any CPU.Build.0 = Debug|Any CPU
		{B3D9FE49-78B3-4449-BF33-0F66FCC59CA1}.Debug|x64.ActiveCfg = Debug|Any CPU
		{B3D9FE49-78B3-4449-BF33-0F66FCC59CA1}.Debug|x64.Build.0 = Debug|Any CPU
		{B3D9FE49-78B3-4449-BF33-0F66FCC59CA1}.Debug|x86.ActiveCfg = Debug|Any CPU
		{B3D9FE49-78B3-4449-BF33-0F66FCC59CA1}.Debug|x86.Build.0 = Debug|Any CPU
		{B3D9FE49-78B3-4449-BF33-0F66FCC59CA1}.Release|Any CPU.ActiveCfg = Release|Any CPU
		{B3D9FE49-78B3-4449-BF33-0F66FCC59CA1}.Release|Any CPU.Build.0 = Release|Any CPU
		{B3D9FE49-78B3-4449-BF33-0F66FCC59CA1}.Release|x64.ActiveCfg = Release|Any CPU
		{B3D9FE49-78B3-4449-BF33-0F66FCC59CA1}.Release|x64.Build.0 = Release|Any CPU
		{B3D9FE49-78B3-4449-BF33-0F66FCC59CA1}.Release|x86.ActiveCfg = Release|Any CPU
		{B3D9FE49-78B3-4449-BF33-0F66FCC59CA1}.Release|x86.Build.0 = Release|Any CPU
		{00000000-0000-0000-0000-000000000002}.Debug|x64.ActiveCfg = Debug|Any CPU
		{00000000-0000-0000-0000-000000000002}.Debug|x64.Build.0 = Debug|Any CPU
		{00000000-0000-0000-0000-000000000002}.Debug|x86.ActiveCfg = Debug|Any CPU
		{00000000-0000-0000-0000-000000000002}.Debug|x86.Build.0 = Debug|Any CPU
		{00000000-0000-0000-0000-000000000002}.Release|x64.ActiveCfg = Release|Any CPU
		{00000000-0000-0000-0000-000000000002}.Release|x64.Build.0 = Release|Any CPU
		{00000000-0000-0000-0000-000000000002}.Release|x86.ActiveCfg = Release|Any CPU
		{00000000-0000-0000-0000-000000000002}.Release|x86.Build.0 = Release|Any CPU
		{00000000-0000-0000-0000-000000000003}.Debug|x64.ActiveCfg = Debug|Any CPU
		{00000000-0000-0000-0000-000000000003}.Debug|x64.Build.0 = Debug|Any CPU
		{00000000-0000-0000-0000-000000000003}.Debug|x86.ActiveCfg = Debug|Any CPU
		{00000000-0000-0000-0000-000000000003}.Debug|x86.Build.0 = Debug|Any CPU
		{00000000-0000-0000-0000-000000000003}.Release|x64.ActiveCfg = Release|Any CPU
		{00000000-0000-0000-0000-000000000003}.Release|x64.Build.0 = Release|Any CPU
		{00000000-0000-0000-0000-000000000003}.Release|x86.ActiveCfg = Release|Any CPU
		{00000000-0000-0000-0000-000000000003}.Release|x86.Build.0 = Release|Any CPU
		{00000000-0000-0000-0000-000000000004}.Debug|x64.ActiveCfg = Debug|Any CPU
		{00000000-0000-0000-0000-000000000004}.Debug|x64.Build.0 = Debug|Any CPU
		{00000000-0000-0000-0000-000000000004}.Debug|x86.ActiveCfg = Debug|Any CPU
		{00000000-0000-0000-0000-000000000004}.Debug|x86.Build.0 = Debug|Any CPU
		{00000000-0000-0000-0000-000000000004}.Release|x64.ActiveCfg = Release|Any CPU
		{00000000-0000-0000-0000-000000000004}.Release|x64.Build.0 = Release|Any CPU
		{00000000-0000-0000-0000-000000000004}.Release|x86.ActiveCfg = Release|Any CPU
		{00000000-0000-0000-0000-000000000004}.Release|x86.Build.0 = Release|Any CPU
		{00000000-0000-0000-0000-000000000005}.Debug|x64.ActiveCfg = Debug|Any CPU
		{00000000-0000-0000-0000-000000000005}.Debug|x64.Build.0 = Debug|Any CPU
		{00000000-0000-0000-0000-000000000005}.Debug|x86.ActiveCfg = Debug|Any CPU
		{00000000-0000-0000-0000-000000000005}.Debug|x86.Build.0 = Debug|Any CPU
		{00000000-0000-0000-0000-000000000005}.Release|x64.ActiveCfg = Release|Any CPU
		{00000000-0000-0000-0000-000000000005}.Release|x64.Build.0 = Release|Any CPU
		{00000000-0000-0000-0000-000000000005}.Release|x86.ActiveCfg = Release|Any CPU
		{00000000-0000-0000-0000-000000000005}.Release|x86.Build.0 = Release|Any CPU
		{00000000-0000-0000-0000-000000000006}.Debug|x64.ActiveCfg = Debug|Any CPU
		{00000000-0000-0000-0000-000000000006}.Debug|x64.Build.0 = Debug|Any CPU
		{00000000-0000-0000-0000-000000000006}.Debug|x86.ActiveCfg = Debug|Any CPU
		{00000000-0000-0000-0000-000000000006}.Debug|x86.Build.0 = Debug|Any CPU
		{00000000-0000-0000-0000-000000000006}.Release|x64.ActiveCfg = Release|Any CPU
		{00000000-0000-0000-0000-000000000006}.Release|x64.Build.0 = Release|Any CPU
		{00000000-0000-0000-0000-000000000006}.Release|x86.ActiveCfg = Release|Any CPU
		{00000000-0000-0000-0000-000000000006}.Release|x86.Build.0 = Release|Any CPU
		{00000000-0000-0000-0000-000000000007}.Debug|x64.ActiveCfg = Debug|Any CPU
		{00000000-0000-0000-0000-000000000007}.Debug|x64.Build.0 = Debug|Any CPU
		{00000000-0000-0000-0000-000000000007}.Debug|x86.ActiveCfg = Debug|Any CPU
		{00000000-0000-0000-0000-000000000007}.Debug|x86.Build.0 = Debug|Any CPU
		{00000000-0000-0000-0000-000000000007}.Release|x64.ActiveCfg = Release|Any CPU
		{00000000-0000-0000-0000-000000000007}.Release|x64.Build.0 = Release|Any CPU
		{00000000-0000-0000-0000-000000000007}.Release|x86.ActiveCfg = Release|Any CPU
		{00000000-0000-0000-0000-000000000007}.Release|x86.Build.0 = Release|Any CPU
		{00000000-0000-0000-0000-000000000008}.Debug|x64.ActiveCfg = Debug|Any CPU
		{00000000-0000-0000-0000-000000000008}.Debug|x64.Build.0 = Debug|Any CPU
		{00000000-0000-0000-0000-000000000008}.Debug|x86.ActiveCfg = Debug|Any CPU
		{00000000-0000-0000-0000-000000000008}.Debug|x86.Build.0 = Debug|Any CPU
		{00000000-0000-0000-0000-000000000008}.Release|x64.ActiveCfg = Release|Any CPU
		{00000000-0000-0000-0000-000000000008}.Release|x64.Build.0 = Release|Any CPU
		{00000000-0000-0000-0000-000000000008}.Release|x86.ActiveCfg = Release|Any CPU
		{00000000-0000-0000-0000-000000000008}.Release|x86.Build.0 = Release|Any CPU
		{00000000-0000-0000-0000-000000000009}.Debug|x64.ActiveCfg = Debug|Any CPU
		{00000000-0000-0000-0000-000000000009}.Debug|x64.Build.0 = Debug|Any CPU
		{00000000-0000-0000-0000-000000000009}.Debug|x86.ActiveCfg = Debug|Any CPU
		{00000000-0000-0000-0000-000000000009}.Debug|x86.Build.0 = Debug|Any CPU
		{00000000-0000-0000-0000-000000000009}.Release|x64.ActiveCfg = Release|Any CPU
		{00000000-0000-0000-0000-000000000009}.Release|x64.Build.0 = Release|Any CPU
		{00000000-0000-0000-0000-000000000009}.Release|x86.ActiveCfg = Release|Any CPU
		{00000000-0000-0000-0000-000000000009}.Release|x86.Build.0 = Release|Any CPU
		{00000000-0000-0000-0000-000000000010}.Debug|x64.ActiveCfg = Debug|Any CPU
		{00000000-0000-0000-0000-000000000010}.Debug|x64.Build.0 = Debug|Any CPU
		{00000000-0000-0000-0000-000000000010}.Debug|x86.ActiveCfg = Debug|Any CPU
		{00000000-0000-0000-0000-000000000010}.Debug|x86.Build.0 = Debug|Any CPU
		{00000000-0000-0000-0000-000000000010}.Release|x64.ActiveCfg = Release|Any CPU
		{00000000-0000-0000-0000-000000000010}.Release|x64.Build.0 = Release|Any CPU
		{00000000-0000-0000-0000-000000000010}.Release|x86.ActiveCfg = Release|Any CPU
		{00000000-0000-0000-0000-000000000010}.Release|x86.Build.0 = Release|Any CPU
		{00000000-0000-0000-0000-000000000011}.Debug|x64.ActiveCfg = Debug|Any CPU
		{00000000-0000-0000-0000-000000000011}.Debug|x64.Build.0 = Debug|Any CPU
		{00000000-0000-0000-0000-000000000011}.Debug|x86.ActiveCfg = Debug|Any CPU
		{00000000-0000-0000-0000-000000000011}.Debug|x86.Build.0 = Debug|Any CPU
		{00000000-0000-0000-0000-000000000011}.Release|x64.ActiveCfg = Release|Any CPU
		{00000000-0000-0000-0000-000000000011}.Release|x64.Build.0 = Release|Any CPU
		{00000000-0000-0000-0000-000000000011}.Release|x86.ActiveCfg = Release|Any CPU
		{00000000-0000-0000-0000-000000000011}.Release|x86.Build.0 = Release|Any CPU
		{00000000-0000-0000-0000-000000000012}.Debug|x64.ActiveCfg = Debug|Any CPU
		{00000000-0000-0000-0000-000000000012}.Debug|x64.Build.0 = Debug|Any CPU
		{00000000-0000-0000-0000-000000000012}.Debug|x86.ActiveCfg = Debug|Any CPU
		{00000000-0000-0000-0000-000000000012}.Debug|x86.Build.0 = Debug|Any CPU
		{00000000-0000-0000-0000-000000000012}.Release|x64.ActiveCfg = Release|Any CPU
		{00000000-0000-0000-0000-000000000012}.Release|x64.Build.0 = Release|Any CPU
		{00000000-0000-0000-0000-000000000012}.Release|x86.ActiveCfg = Release|Any CPU
		{00000000-0000-0000-0000-000000000012}.Release|x86.Build.0 = Release|Any CPU
		{FD2E85B7-1B07-46F6-80A5-0456FC625360}.Debug|Any CPU.ActiveCfg = Debug|Any CPU
		{FD2E85B7-1B07-46F6-80A5-0456FC625360}.Debug|Any CPU.Build.0 = Debug|Any CPU
		{FD2E85B7-1B07-46F6-80A5-0456FC625360}.Debug|x64.ActiveCfg = Debug|Any CPU
		{FD2E85B7-1B07-46F6-80A5-0456FC625360}.Debug|x64.Build.0 = Debug|Any CPU
		{FD2E85B7-1B07-46F6-80A5-0456FC625360}.Debug|x86.ActiveCfg = Debug|Any CPU
		{FD2E85B7-1B07-46F6-80A5-0456FC625360}.Debug|x86.Build.0 = Debug|Any CPU
		{FD2E85B7-1B07-46F6-80A5-0456FC625360}.Release|Any CPU.ActiveCfg = Release|Any CPU
		{FD2E85B7-1B07-46F6-80A5-0456FC625360}.Release|Any CPU.Build.0 = Release|Any CPU
		{FD2E85B7-1B07-46F6-80A5-0456FC625360}.Release|x64.ActiveCfg = Release|Any CPU
		{FD2E85B7-1B07-46F6-80A5-0456FC625360}.Release|x64.Build.0 = Release|Any CPU
		{FD2E85B7-1B07-46F6-80A5-0456FC625360}.Release|x86.ActiveCfg = Release|Any CPU
		{FD2E85B7-1B07-46F6-80A5-0456FC625360}.Release|x86.Build.0 = Release|Any CPU
	EndGlobalSection
	GlobalSection(SolutionProperties) = preSolution
		HideSolutionNode = FALSE
	EndGlobalSection
	GlobalSection(NestedProjects) = preSolution
		{B3D9FE49-78B3-4449-BF33-0F66FCC59CA1} = {07D57EEB-2F50-60C4-C011-FE4FA775C9A8}
		{FD2E85B7-1B07-46F6-80A5-0456FC625360} = {07D57EEB-2F50-60C4-C011-FE4FA775C9A8}
	EndGlobalSection
EndGlobal
